{
	"name": "baset",
	"version": "0.13.7",
	"lockfileVersion": 1,
	"requires": true,
	"dependencies": {
		"@types/node": {
			"version": "10.10.0",
			"resolved": "https://registry.npmjs.org/@types/node/-/node-10.10.0.tgz",
			"integrity": "sha512-0V36JTaif20jrbTbZeKqnI4R8nLVE8Ah/u9dQT5jIKXjW51/4ipi/B8Xon1ZiEHATYpgLNoBw2LFfdBMoA5Fzg==",
			"dev": true
		}
	}
}
