{
	"name": "umd-like-dep-project",
	"version": "0.13.7",
	"lockfileVersion": 1,
	"requires": true,
	"dependencies": {
		"@types/howler": {
			"version": "2.0.5",
			"resolved": "https://registry.npmjs.org/@types/howler/-/howler-2.0.5.tgz",
			"integrity": "sha512-4zO47MpD8ztLGK1Q3DsVMxP5q1yIGRS+vtLqXuVGXHdiDkD/IvYM2vBByuX4eMW4fmLk5SWQpd6FFL2jvJkItw==",
			"dev": true
		},
		"howler": {
			"version": "2.0.15",
			"resolved": "https://registry.npmjs.org/howler/-/howler-2.0.15.tgz",
			"integrity": "sha512-Ceui16WCAdBiRlI3cK/zPmp6eWKG4wU5yIYHtH+X4zPhwqbr2ieRQvt/1J60NCqEXFHuBKdzBrS5DRYkMwiQsg=="
		},
		"typescript": {
			"version": "3.0.3",
			"resolved": "https://registry.npmjs.org/typescript/-/typescript-3.0.3.tgz",
			"integrity": "sha512-kk80vLW9iGtjMnIv11qyxLqZm20UklzuR2tL0QAnDIygIUIemcZMxlMWudl9OOt76H3ntVzcTiddQ1/pAAJMYg==",
			"dev": true
		}
	}
}
