{
	"name": "baset-reader-md",
	"version": "0.14.7",
	"lockfileVersion": 1,
	"requires": true,
	"dependencies": {
		"@types/node": {
			"version": "11.9.0",
			"resolved": "https://registry.npmjs.org/@types/node/-/node-11.9.0.tgz",
			"integrity": "sha512-ry4DOrC+xenhQbzk1iIPzCZGhhPGEFv7ia7Iu6XXSLVluiJIe9FfG7Iu3mObH9mpxEXCWLCMU4JWbCCR9Oy1Zg==",
			"dev": true
		},
		"abbrev": {
			"version": "1.1.1",
			"resolved": "https://registry.npmjs.org/abbrev/-/abbrev-1.1.1.tgz",
			"integrity": "sha512-nne9/IiQ/hzIhY6pdDnbBtz7DjPTKrY00P/zvPSm5pOFkl6xuGrGnXn/VtTNNfNtAfZ9/1RtehkszU9qcTii0Q=="
		},
		"baset-core": {
			"version": "0.14.7",
			"resolved": "https://registry.npmjs.org/baset-core/-/baset-core-0.14.7.tgz",
			"integrity": "sha512-bg76IIbkMSNFnPe9SalCpZOe7jXWqvu/TidqLn90O1BNZXmy9xtm/BarZR+WoeCbHG0ZyruwnHlYjtdkch7Ixg==",
			"requires": {
				"baset-vm": "^0.14.4",
				"chance": "^1.0.16",
				"typescript": "^3.0.3"
			}
		},
		"baset-vm": {
			"version": "0.14.4",
			"resolved": "https://registry.npmjs.org/baset-vm/-/baset-vm-0.14.4.tgz",
			"integrity": "sha512-dnGohiApVyUlS1fwko0sgBKHAiZibhP7Audc8Hc4/MNn9XVvZws8wQ5YYYoRxT9zoaq9qrMYiGLZ+waMLMR6UA=="
		},
		"chance": {
			"version": "1.0.18",
			"resolved": "https://registry.npmjs.org/chance/-/chance-1.0.18.tgz",
			"integrity": "sha512-g9YLQVHVZS/3F+zIicfB58vjcxopvYQRp7xHzvyDFDhXH1aRZI/JhwSAO0X5qYiQluoGnaNAU6wByD2KTxJN1A=="
		},
		"markdown": {
			"version": "0.5.0",
			"resolved": "https://registry.npmjs.org/markdown/-/markdown-0.5.0.tgz",
			"integrity": "sha1-KCBbVlqK51kt4gdGPWY33BgnIrI=",
			"requires": {
				"nopt": "~2.1.1"
			}
		},
		"nopt": {
			"version": "2.1.2",
			"resolved": "https://registry.npmjs.org/nopt/-/nopt-2.1.2.tgz",
			"integrity": "sha1-bMzZd7gBMqB3MdbozljCyDA8+a8=",
			"requires": {
				"abbrev": "1"
			}
		},
		"typescript": {
			"version": "3.3.3",
			"resolved": "https://registry.npmjs.org/typescript/-/typescript-3.3.3.tgz",
			"integrity": "sha512-Y21Xqe54TBVp+VDSNbuDYdGw0BpoR/Q6wo/+35M8PAU0vipahnyduJWirxxdxjsAkS7hue53x2zp8gz7F05u0A=="
		}
	}
}
