{
	"name": "canvas-project",
	"version": "0.14.0",
	"lockfileVersion": 1,
	"requires": true,
	"dependencies": {
		"@types/pixi.js": {
			"version": "4.8.0",
			"resolved": "https://registry.npmjs.org/@types/pixi.js/-/pixi.js-4.8.0.tgz",
			"integrity": "sha512-XAnOxKMyJdb0OBaJUuu17kUzR2KWKLKrOPR7laPyPYbK7faGfQjt0ueYXdTlFVDdqXPBh653+ozO0LKdLWPD3Q==",
			"dev": true
		},
		"typescript": {
			"version": "3.0.1",
			"resolved": "https://registry.npmjs.org/typescript/-/typescript-3.0.1.tgz",
			"integrity": "sha512-zQIMOmC+372pC/CCVLqnQ0zSBiY7HHodU7mpQdjiZddek4GMj31I3dUJ7gAs9o65X7mnRma6OokOkc6f9jjfBg==",
			"dev": true
		}
	}
}
