{
	"name": "baset-vm",
	"version": "0.14.4",
	"lockfileVersion": 1,
	"requires": true,
	"dependencies": {
		"@types/node": {
			"version": "11.9.0",
			"resolved": "https://registry.npmjs.org/@types/node/-/node-11.9.0.tgz",
			"integrity": "sha512-ry4DOrC+xenhQbzk1iIPzCZGhhPGEFv7ia7Iu6XXSLVluiJIe9FfG7Iu3mObH9mpxEXCWLCMU4JWbCCR9Oy1Zg==",
			"dev": true
		}
	}
}
