{
	"name": "baset-core",
	"version": "0.14.7",
	"lockfileVersion": 1,
	"requires": true,
	"dependencies": {
		"@types/chance": {
			"version": "1.0.1",
			"resolved": "https://registry.npmjs.org/@types/chance/-/chance-1.0.1.tgz",
			"integrity": "sha512-jtV6Bv/j+xk4gcXeLlESwNc/m/I/dIZA0xrt29g0uKcjyPob8iisj/5z0ARE+Ldfx4MxjNFNECG0z++J7zJgqg==",
			"dev": true
		},
		"@types/node": {
			"version": "11.9.0",
			"resolved": "https://registry.npmjs.org/@types/node/-/node-11.9.0.tgz",
			"integrity": "sha512-ry4DOrC+xenhQbzk1iIPzCZGhhPGEFv7ia7Iu6XXSLVluiJIe9FfG7Iu3mObH9mpxEXCWLCMU4JWbCCR9Oy1Zg==",
			"dev": true
		},
		"baset-vm": {
			"version": "0.14.4",
			"resolved": "https://registry.npmjs.org/baset-vm/-/baset-vm-0.14.4.tgz",
			"integrity": "sha512-dnGohiApVyUlS1fwko0sgBKHAiZibhP7Audc8Hc4/MNn9XVvZws8wQ5YYYoRxT9zoaq9qrMYiGLZ+waMLMR6UA=="
		},
		"chance": {
			"version": "1.0.16",
			"resolved": "https://registry.npmjs.org/chance/-/chance-1.0.16.tgz",
			"integrity": "sha512-2bgDHH5bVfAXH05SPtjqrsASzZ7h90yCuYT2z4mkYpxxYvJXiIydBFzVieVHZx7wLH1Ag2Azaaej2/zA1XUrNQ=="
		},
		"typescript": {
			"version": "3.0.3",
			"resolved": "https://registry.npmjs.org/typescript/-/typescript-3.0.3.tgz",
			"integrity": "sha512-kk80vLW9iGtjMnIv11qyxLqZm20UklzuR2tL0QAnDIygIUIemcZMxlMWudl9OOt76H3ntVzcTiddQ1/pAAJMYg=="
		}
	}
}
