{
	"name": "baset-core",
	"version": "0.13.7",
	"lockfileVersion": 1,
	"requires": true,
	"dependencies": {
		"@types/chance": {
			"version": "1.0.1",
			"resolved": "https://registry.npmjs.org/@types/chance/-/chance-1.0.1.tgz",
			"integrity": "sha512-jtV6Bv/j+xk4gcXeLlESwNc/m/I/dIZA0xrt29g0uKcjyPob8iisj/5z0ARE+Ldfx4MxjNFNECG0z++J7zJgqg==",
			"dev": true
		},
		"@types/node": {
			"version": "10.10.0",
			"resolved": "https://registry.npmjs.org/@types/node/-/node-10.10.0.tgz",
			"integrity": "sha512-0V36JTaif20jrbTbZeKqnI4R8nLVE8Ah/u9dQT5jIKXjW51/4ipi/B8Xon1ZiEHATYpgLNoBw2LFfdBMoA5Fzg==",
			"dev": true
		},
		"chance": {
			"version": "1.0.16",
			"resolved": "https://registry.npmjs.org/chance/-/chance-1.0.16.tgz",
			"integrity": "sha512-2bgDHH5bVfAXH05SPtjqrsASzZ7h90yCuYT2z4mkYpxxYvJXiIydBFzVieVHZx7wLH1Ag2Azaaej2/zA1XUrNQ=="
		},
		"typescript": {
			"version": "3.0.3",
			"resolved": "https://registry.npmjs.org/typescript/-/typescript-3.0.3.tgz",
			"integrity": "sha512-kk80vLW9iGtjMnIv11qyxLqZm20UklzuR2tL0QAnDIygIUIemcZMxlMWudl9OOt76H3ntVzcTiddQ1/pAAJMYg=="
		}
	}
}
